
Microsoft Visual Studio Solution File, Format Version 12.00
# Visual Studio Version 16
VisualStudioVersion = 16.0.29926.136
MinimumVisualStudioVersion = 10.0.40219.1
Project("{9A19103F-16F7-4668-BE54-9A1E7A4F7556}") = "SoftUniRestaurant", "SoftUniRestaurant.csproj", "{EA7168F3-B06F-443D-99E3-C9F091D62E70}"
EndProject
Global
	GlobalSection(SolutionConfigurationPlatforms) = preSolution
		Debug|Any CPU = Debug|Any CPU
		Release|Any CPU = Release|Any CPU
	EndGlobalSection
	GlobalSection(ProjectConfigurationPlatforms) = postSolution
		{EA7168F3-B06F-443D-99E3-C9F091D62E70}.Debug|Any CPU.ActiveCfg = Debug|Any CPU
		{EA7168F3-B06F-443D-99E3-C9F091D62E70}.Debug|Any CPU.Build.0 = Debug|Any CPU
		{EA7168F3-B06F-443D-99E3-C9F091D62E70}.Release|Any CPU.ActiveCfg = Release|Any CPU
		{EA7168F3-B06F-443D-99E3-C9F091D62E70}.Release|Any CPU.Build.0 = Release|Any CPU
	EndGlobalSection
	GlobalSection(SolutionProperties) = preSolution
		HideSolutionNode = FALSE
	EndGlobalSection
	GlobalSection(ExtensibilityGlobals) = postSolution
		SolutionGuid = {9673E38F-5CA6-4CEF-B43D-6D991462A458}
	EndGlobalSection
EndGlobal
